
Microsoft Visual Studio Solution File, Format Version 12.00
# Visual Studio Version 17
VisualStudioVersion = 17.14.36623.8
MinimumVisualStudioVersion = 10.0.40219.1
Project("{FAE04EC0-301F-11D3-BF4B-00C04F79EFBC}") = "RegistroActividad", "RegistroActividad\RegistroActividad.csproj", "{D5041DAA-51B5-4602-A1FA-33FB3FB228BC}"
EndProject
Project("{FAE04EC0-301F-11D3-BF4B-00C04F79EFBC}") = "VariableTiposyConversiones", "VariableTiposyConversiones\VariableTiposyConversiones.csproj", "{04C0E999-299D-4A0A-99BC-8F94386822A5}"
EndProject
Project("{FAE04EC0-301F-11D3-BF4B-00C04F79EFBC}") = "PrimerosPasos", "PrimerosPasos\PrimerosPasos.csproj", "{1378D2D6-1D59-42C8-B74D-1794A7C8460F}"
EndProject
Project("{FAE04EC0-301F-11D3-BF4B-00C04F79EFBC}") = "DesicionesIfElseSwitch", "DesicionesIfElseSwitch\DesicionesIfElseSwitch.csproj", "{B3624778-0F73-4A9E-928D-6785EA5DD8AE}"
EndProject
Global
	GlobalSection(SolutionConfigurationPlatforms) = preSolution
		Debug|Any CPU = Debug|Any CPU
		Release|Any CPU = Release|Any CPU
	EndGlobalSection
	GlobalSection(ProjectConfigurationPlatforms) = postSolution
		{D5041DAA-51B5-4602-A1FA-33FB3FB228BC}.Debug|Any CPU.ActiveCfg = Debug|Any CPU
		{D5041DAA-51B5-4602-A1FA-33FB3FB228BC}.Debug|Any CPU.Build.0 = Debug|Any CPU
		{D5041DAA-51B5-4602-A1FA-33FB3FB228BC}.Release|Any CPU.ActiveCfg = Release|Any CPU
		{D5041DAA-51B5-4602-A1FA-33FB3FB228BC}.Release|Any CPU.Build.0 = Release|Any CPU
		{04C0E999-299D-4A0A-99BC-8F94386822A5}.Debug|Any CPU.ActiveCfg = Debug|Any CPU
		{04C0E999-299D-4A0A-99BC-8F94386822A5}.Debug|Any CPU.Build.0 = Debug|Any CPU
		{04C0E999-299D-4A0A-99BC-8F94386822A5}.Release|Any CPU.ActiveCfg = Release|Any CPU
		{04C0E999-299D-4A0A-99BC-8F94386822A5}.Release|Any CPU.Build.0 = Release|Any CPU
		{1378D2D6-1D59-42C8-B74D-1794A7C8460F}.Debug|Any CPU.ActiveCfg = Debug|Any CPU
		{1378D2D6-1D59-42C8-B74D-1794A7C8460F}.Debug|Any CPU.Build.0 = Debug|Any CPU
		{1378D2D6-1D59-42C8-B74D-1794A7C8460F}.Release|Any CPU.ActiveCfg = Release|Any CPU
		{1378D2D6-1D59-42C8-B74D-1794A7C8460F}.Release|Any CPU.Build.0 = Release|Any CPU
		{B3624778-0F73-4A9E-928D-6785EA5DD8AE}.Debug|Any CPU.ActiveCfg = Debug|Any CPU
		{B3624778-0F73-4A9E-928D-6785EA5DD8AE}.Debug|Any CPU.Build.0 = Debug|Any CPU
		{B3624778-0F73-4A9E-928D-6785EA5DD8AE}.Release|Any CPU.ActiveCfg = Release|Any CPU
		{B3624778-0F73-4A9E-928D-6785EA5DD8AE}.Release|Any CPU.Build.0 = Release|Any CPU
	EndGlobalSection
	GlobalSection(SolutionProperties) = preSolution
		HideSolutionNode = FALSE
	EndGlobalSection
	GlobalSection(ExtensibilityGlobals) = postSolution
		SolutionGuid = {A80487DB-DB36-442F-ABAC-B55A7DD0364F}
	EndGlobalSection
EndGlobal
